
Microsoft Visual Studio Solution File, Format Version 12.00
# Visual Studio Version 16
VisualStudioVersion = 16.0.30804.86
MinimumVisualStudioVersion = 10.0.40219.1
Project("{FAE04EC0-301F-11D3-BF4B-00C04F79EFBC}") = "Lab5Client", "Lab5Client\Lab5Client.csproj", "{34612491-1B16-48E5-8AA9-DB01A1DFD55D}"
EndProject
Global
	GlobalSection(SolutionConfigurationPlatforms) = preSolution
		Debug|Any CPU = Debug|Any CPU
		Release|Any CPU = Release|Any CPU
	EndGlobalSection
	GlobalSection(ProjectConfigurationPlatforms) = postSolution
		{34612491-1B16-48E5-8AA9-DB01A1DFD55D}.Debug|Any CPU.ActiveCfg = Debug|Any CPU
		{34612491-1B16-48E5-8AA9-DB01A1DFD55D}.Debug|Any CPU.Build.0 = Debug|Any CPU
		{34612491-1B16-48E5-8AA9-DB01A1DFD55D}.Release|Any CPU.ActiveCfg = Release|Any CPU
		{34612491-1B16-48E5-8AA9-DB01A1DFD55D}.Release|Any CPU.Build.0 = Release|Any CPU
	EndGlobalSection
	GlobalSection(SolutionProperties) = preSolution
		HideSolutionNode = FALSE
	EndGlobalSection
	GlobalSection(ExtensibilityGlobals) = postSolution
		SolutionGuid = {FE5ED630-318B-45CF-87F7-9C8FAAD8854B}
	EndGlobalSection
EndGlobal
