
Microsoft Visual Studio Solution File, Format Version 12.00
# Visual Studio Version 16
VisualStudioVersion = 16.0.30503.244
MinimumVisualStudioVersion = 10.0.40219.1
Project("{9A19103F-16F7-4668-BE54-9A1E7A4F7556}") = "ConsoleTest", "ConsoleTest\ConsoleTest.csproj", "{7F1DA55B-EA32-490F-9AAC-6AC45B3E3174}"
EndProject
Project("{9A19103F-16F7-4668-BE54-9A1E7A4F7556}") = "MO", "MO\MO.csproj", "{DEE7AEEA-337C-4AA4-A2F9-8D817A6295EF}"
EndProject
Project("{FAE04EC0-301F-11D3-BF4B-00C04F79EFBC}") = "UITest", "UITest\UITest.csproj", "{0154A6F1-C5B5-4573-A7EF-D1C842D7D8C9}"
EndProject
Global
	GlobalSection(SolutionConfigurationPlatforms) = preSolution
		Debug|Any CPU = Debug|Any CPU
		Release|Any CPU = Release|Any CPU
	EndGlobalSection
	GlobalSection(ProjectConfigurationPlatforms) = postSolution
		{7F1DA55B-EA32-490F-9AAC-6AC45B3E3174}.Debug|Any CPU.ActiveCfg = Debug|Any CPU
		{7F1DA55B-EA32-490F-9AAC-6AC45B3E3174}.Debug|Any CPU.Build.0 = Debug|Any CPU
		{7F1DA55B-EA32-490F-9AAC-6AC45B3E3174}.Release|Any CPU.ActiveCfg = Release|Any CPU
		{7F1DA55B-EA32-490F-9AAC-6AC45B3E3174}.Release|Any CPU.Build.0 = Release|Any CPU
		{DEE7AEEA-337C-4AA4-A2F9-8D817A6295EF}.Debug|Any CPU.ActiveCfg = Debug|Any CPU
		{DEE7AEEA-337C-4AA4-A2F9-8D817A6295EF}.Debug|Any CPU.Build.0 = Debug|Any CPU
		{DEE7AEEA-337C-4AA4-A2F9-8D817A6295EF}.Release|Any CPU.ActiveCfg = Release|Any CPU
		{DEE7AEEA-337C-4AA4-A2F9-8D817A6295EF}.Release|Any CPU.Build.0 = Release|Any CPU
		{0154A6F1-C5B5-4573-A7EF-D1C842D7D8C9}.Debug|Any CPU.ActiveCfg = Debug|Any CPU
		{0154A6F1-C5B5-4573-A7EF-D1C842D7D8C9}.Debug|Any CPU.Build.0 = Debug|Any CPU
		{0154A6F1-C5B5-4573-A7EF-D1C842D7D8C9}.Release|Any CPU.ActiveCfg = Release|Any CPU
		{0154A6F1-C5B5-4573-A7EF-D1C842D7D8C9}.Release|Any CPU.Build.0 = Release|Any CPU
	EndGlobalSection
	GlobalSection(SolutionProperties) = preSolution
		HideSolutionNode = FALSE
	EndGlobalSection
	GlobalSection(ExtensibilityGlobals) = postSolution
		SolutionGuid = {F8DBCBC4-5FED-4307-8184-651BF843C1B3}
	EndGlobalSection
EndGlobal
