
Microsoft Visual Studio Solution File, Format Version 12.00
# Visual Studio Version 16
VisualStudioVersion = 16.0.30717.126
MinimumVisualStudioVersion = 10.0.40219.1
Project("{FAE04EC0-301F-11D3-BF4B-00C04F79EFBC}") = "Lab4Sub", "Lab4Sub\Lab4Sub.csproj", "{00F38763-7541-46F0-8709-A414BEAADC68}"
EndProject
Global
	GlobalSection(SolutionConfigurationPlatforms) = preSolution
		Debug|Any CPU = Debug|Any CPU
		Release|Any CPU = Release|Any CPU
	EndGlobalSection
	GlobalSection(ProjectConfigurationPlatforms) = postSolution
		{00F38763-7541-46F0-8709-A414BEAADC68}.Debug|Any CPU.ActiveCfg = Debug|Any CPU
		{00F38763-7541-46F0-8709-A414BEAADC68}.Debug|Any CPU.Build.0 = Debug|Any CPU
		{00F38763-7541-46F0-8709-A414BEAADC68}.Release|Any CPU.ActiveCfg = Release|Any CPU
		{00F38763-7541-46F0-8709-A414BEAADC68}.Release|Any CPU.Build.0 = Release|Any CPU
	EndGlobalSection
	GlobalSection(SolutionProperties) = preSolution
		HideSolutionNode = FALSE
	EndGlobalSection
	GlobalSection(ExtensibilityGlobals) = postSolution
		SolutionGuid = {6EACA768-1E49-4F33-8831-A877E9751FAD}
	EndGlobalSection
EndGlobal
